
Microsoft Visual Studio Solution File, Format Version 12.00
# Visual Studio 15
VisualStudioVersion = 15.0.28010.2048
MinimumVisualStudioVersion = 10.0.40219.1
Project("{FAE04EC0-301F-11D3-BF4B-00C04F79EFBC}") = "BringYourOwnCode", "BringYourOwnCode\BringYourOwnCode.csproj", "{9ACDA38B-BFD0-43A7-B7FC-C690ADD1D444}"
EndProject
Global
	GlobalSection(SolutionConfigurationPlatforms) = preSolution
		Debug|Any CPU = Debug|Any CPU
		Release|Any CPU = Release|Any CPU
	EndGlobalSection
	GlobalSection(ProjectConfigurationPlatforms) = postSolution
		{9ACDA38B-BFD0-43A7-B7FC-C690ADD1D444}.Debug|Any CPU.ActiveCfg = Debug|Any CPU
		{9ACDA38B-BFD0-43A7-B7FC-C690ADD1D444}.Debug|Any CPU.Build.0 = Debug|Any CPU
		{9ACDA38B-BFD0-43A7-B7FC-C690ADD1D444}.Release|Any CPU.ActiveCfg = Release|Any CPU
		{9ACDA38B-BFD0-43A7-B7FC-C690ADD1D444}.Release|Any CPU.Build.0 = Release|Any CPU
	EndGlobalSection
	GlobalSection(SolutionProperties) = preSolution
		HideSolutionNode = FALSE
	EndGlobalSection
	GlobalSection(ExtensibilityGlobals) = postSolution
		SolutionGuid = {F53BEA2D-C1C1-45C8-8B14-F79C9DB19E6A}
	EndGlobalSection
EndGlobal
